
Microsoft Visual Studio Solution File, Format Version 12.00
# Visual Studio Version 16
VisualStudioVersion = 16.0.28803.352
MinimumVisualStudioVersion = 10.0.40219.1
Project("{9A19103F-16F7-4668-BE54-9A1E7A4F7556}") = "DOMAIN", "DOMAIN\DOMAIN.csproj", "{1A907517-82C2-4A4C-9EEE-BBC864D0DFC1}"
EndProject
Project("{FAE04EC0-301F-11D3-BF4B-00C04F79EFBC}") = "INFRA.DATA", "INFRA.DATA\INFRA.DATA.csproj", "{2AEDE501-7510-4DBC-A903-55F9829DB2DF}"
EndProject
Project("{FAE04EC0-301F-11D3-BF4B-00C04F79EFBC}") = "APPLICATION", "APPLICATION\APPLICATION.csproj", "{4CF622CA-844B-40A9-965D-459788C69DB7}"
EndProject
Project("{FAE04EC0-301F-11D3-BF4B-00C04F79EFBC}") = "CarSharingWebAPI", "CarSharingWebAPI\CarSharingWebAPI.csproj", "{D0265DB6-85E1-4685-983E-8443A294BFF1}"
EndProject
Global
	GlobalSection(SolutionConfigurationPlatforms) = preSolution
		Debug|Any CPU = Debug|Any CPU
		Release|Any CPU = Release|Any CPU
	EndGlobalSection
	GlobalSection(ProjectConfigurationPlatforms) = postSolution
		{1A907517-82C2-4A4C-9EEE-BBC864D0DFC1}.Debug|Any CPU.ActiveCfg = Debug|Any CPU
		{1A907517-82C2-4A4C-9EEE-BBC864D0DFC1}.Debug|Any CPU.Build.0 = Debug|Any CPU
		{1A907517-82C2-4A4C-9EEE-BBC864D0DFC1}.Release|Any CPU.ActiveCfg = Release|Any CPU
		{1A907517-82C2-4A4C-9EEE-BBC864D0DFC1}.Release|Any CPU.Build.0 = Release|Any CPU
		{2AEDE501-7510-4DBC-A903-55F9829DB2DF}.Debug|Any CPU.ActiveCfg = Debug|Any CPU
		{2AEDE501-7510-4DBC-A903-55F9829DB2DF}.Debug|Any CPU.Build.0 = Debug|Any CPU
		{2AEDE501-7510-4DBC-A903-55F9829DB2DF}.Release|Any CPU.ActiveCfg = Release|Any CPU
		{2AEDE501-7510-4DBC-A903-55F9829DB2DF}.Release|Any CPU.Build.0 = Release|Any CPU
		{4CF622CA-844B-40A9-965D-459788C69DB7}.Debug|Any CPU.ActiveCfg = Debug|Any CPU
		{4CF622CA-844B-40A9-965D-459788C69DB7}.Debug|Any CPU.Build.0 = Debug|Any CPU
		{4CF622CA-844B-40A9-965D-459788C69DB7}.Release|Any CPU.ActiveCfg = Release|Any CPU
		{4CF622CA-844B-40A9-965D-459788C69DB7}.Release|Any CPU.Build.0 = Release|Any CPU
		{D0265DB6-85E1-4685-983E-8443A294BFF1}.Debug|Any CPU.ActiveCfg = Debug|Any CPU
		{D0265DB6-85E1-4685-983E-8443A294BFF1}.Debug|Any CPU.Build.0 = Debug|Any CPU
		{D0265DB6-85E1-4685-983E-8443A294BFF1}.Release|Any CPU.ActiveCfg = Release|Any CPU
		{D0265DB6-85E1-4685-983E-8443A294BFF1}.Release|Any CPU.Build.0 = Release|Any CPU
	EndGlobalSection
	GlobalSection(SolutionProperties) = preSolution
		HideSolutionNode = FALSE
	EndGlobalSection
	GlobalSection(ExtensibilityGlobals) = postSolution
		SolutionGuid = {E9193592-C9C8-4AB0-879A-531B39B29996}
	EndGlobalSection
EndGlobal
